
Microsoft Visual Studio Solution File, Format Version 12.00
# Visual Studio 15
VisualStudioVersion = 15.0.28307.102
MinimumVisualStudioVersion = 10.0.40219.1
Project("{FAE04EC0-301F-11D3-BF4B-00C04F79EFBC}") = "NotProxyBotServer", "NotProxyBotServer\NotProxyBotServer.csproj", "{69AEA5AC-2E4D-4490-986C-E91A6AB4CE28}"
EndProject
Global
	GlobalSection(SolutionConfigurationPlatforms) = preSolution
		Debug|Any CPU = Debug|Any CPU
		Release|Any CPU = Release|Any CPU
	EndGlobalSection
	GlobalSection(ProjectConfigurationPlatforms) = postSolution
		{69AEA5AC-2E4D-4490-986C-E91A6AB4CE28}.Debug|Any CPU.ActiveCfg = Debug|Any CPU
		{69AEA5AC-2E4D-4490-986C-E91A6AB4CE28}.Debug|Any CPU.Build.0 = Debug|Any CPU
		{69AEA5AC-2E4D-4490-986C-E91A6AB4CE28}.Release|Any CPU.ActiveCfg = Release|Any CPU
		{69AEA5AC-2E4D-4490-986C-E91A6AB4CE28}.Release|Any CPU.Build.0 = Release|Any CPU
	EndGlobalSection
	GlobalSection(SolutionProperties) = preSolution
		HideSolutionNode = FALSE
	EndGlobalSection
	GlobalSection(ExtensibilityGlobals) = postSolution
		SolutionGuid = {2E2B00BE-AB63-40BB-BF04-37A2C143E225}
	EndGlobalSection
EndGlobal
